// !$*UTF8*$!
{
	archiveVersion = 1;
	classes = {
	};
	objectVersion = 77;
	objects = {

/* Begin PBXBuildFile section */
		E33DDE442D0A61DD00696245 /* SimpleToast in Frameworks */ = {isa = PBXBuildFile; productRef = E33DDE432D0A61DD00696245 /* SimpleToast */; };
		E35C11972D06251D0021266F /* GooglePlacesSwift in Frameworks */ = {isa = PBXBuildFile; productRef = E35C11962D06251D0021266F /* GooglePlacesSwift */; };
		E3E6383A2CF13D680095F48A /* SwiftyJSON in Frameworks */ = {isa = PBXBuildFile; productRef = E3E638392CF13D680095F48A /* SwiftyJSON */; };
		E3E6383D2CF13D9F0095F48A /* Toast in Frameworks */ = {isa = PBXBuildFile; productRef = E3E6383C2CF13D9F0095F48A /* Toast */; };
		E3E638402CF13DB80095F48A /* SwiftSpinner in Frameworks */ = {isa = PBXBuildFile; productRef = E3E6383F2CF13DB80095F48A /* SwiftSpinner */; };
		E3E638432CF13EB10095F48A /* Highcharts in Frameworks */ = {isa = PBXBuildFile; productRef = E3E638422CF13EB10095F48A /* Highcharts */; };
		E3E638462CF13F230095F48A /* Alamofire in Frameworks */ = {isa = PBXBuildFile; productRef = E3E638452CF13F230095F48A /* Alamofire */; };
		E3FCAD032D02B3B800C78FFD /* GooglePlaces in Frameworks */ = {isa = PBXBuildFile; productRef = E3FCAD022D02B3B800C78FFD /* GooglePlaces */; };
/* End PBXBuildFile section */

/* Begin PBXFileReference section */
		E3E638262CF13BF20095F48A /* weatherApp.app */ = {isa = PBXFileReference; explicitFileType = wrapper.application; includeInIndex = 0; path = weatherApp.app; sourceTree = BUILT_PRODUCTS_DIR; };
/* End PBXFileReference section */

/* Begin PBXFileSystemSynchronizedBuildFileExceptionSet section */
		E3E638522CF153590095F48A /* Exceptions for "weatherApp" folder in "weatherApp" target */ = {
			isa = PBXFileSystemSynchronizedBuildFileExceptionSet;
			membershipExceptions = (
				Info.plist,
			);
			target = E3E638252CF13BF20095F48A /* weatherApp */;
		};
/* End PBXFileSystemSynchronizedBuildFileExceptionSet section */

/* Begin PBXFileSystemSynchronizedRootGroup section */
		E3E638282CF13BF20095F48A /* weatherApp */ = {
			isa = PBXFileSystemSynchronizedRootGroup;
			exceptions = (
				E3E638522CF153590095F48A /* Exceptions for "weatherApp" folder in "weatherApp" target */,
			);
			path = weatherApp;
			sourceTree = "<group>";
		};
/* End PBXFileSystemSynchronizedRootGroup section */

/* Begin PBXFrameworksBuildPhase section */
		E3E638232CF13BF20095F48A /* Frameworks */ = {
			isa = PBXFrameworksBuildPhase;
			buildActionMask = 2147483647;
			files = (
				E33DDE442D0A61DD00696245 /* SimpleToast in Frameworks */,
				E3E638462CF13F230095F48A /* Alamofire in Frameworks */,
				E3E6383D2CF13D9F0095F48A /* Toast in Frameworks */,
				E35C11972D06251D0021266F /* GooglePlacesSwift in Frameworks */,
				E3E6383A2CF13D680095F48A /* SwiftyJSON in Frameworks */,
				E3FCAD032D02B3B800C78FFD /* GooglePlaces in Frameworks */,
				E3E638402CF13DB80095F48A /* SwiftSpinner in Frameworks */,
				E3E638432CF13EB10095F48A /* Highcharts in Frameworks */,
			);
			runOnlyForDeploymentPostprocessing = 0;
		};
/* End PBXFrameworksBuildPhase section */

/* Begin PBXGroup section */
		E3E6381D2CF13BF20095F48A = {
			isa = PBXGroup;
			children = (
				E3E638282CF13BF20095F48A /* weatherApp */,
				E3FCAD012D02B3A600C78FFD /* Frameworks */,
				E3E638272CF13BF20095F48A /* Products */,
			);
			sourceTree = "<group>";
		};
		E3E638272CF13BF20095F48A /* Products */ = {
			isa = PBXGroup;
			children = (
				E3E638262CF13BF20095F48A /* weatherApp.app */,
			);
			name = Products;
			sourceTree = "<group>";
		};
		E3FCAD012D02B3A600C78FFD /* Frameworks */ = {
			isa = PBXGroup;
			children = (
			);
			name = Frameworks;
			sourceTree = "<group>";
		};
/* End PBXGroup section */

/* Begin PBXNativeTarget section */
		E3E638252CF13BF20095F48A /* weatherApp */ = {
			isa = PBXNativeTarget;
			buildConfigurationList = E3E638342CF13BF40095F48A /* Build configuration list for PBXNativeTarget "weatherApp" */;
			buildPhases = (
				E3E638222CF13BF20095F48A /* Sources */,
				E3E638232CF13BF20095F48A /* Frameworks */,
				E3E638242CF13BF20095F48A /* Resources */,
			);
			buildRules = (
			);
			dependencies = (
			);
			fileSystemSynchronizedGroups = (
				E3E638282CF13BF20095F48A /* weatherApp */,
			);
			name = weatherApp;
			packageProductDependencies = (
				E3E638392CF13D680095F48A /* SwiftyJSON */,
				E3E6383C2CF13D9F0095F48A /* Toast */,
				E3E6383F2CF13DB80095F48A /* SwiftSpinner */,
				E3E638422CF13EB10095F48A /* Highcharts */,
				E3E638452CF13F230095F48A /* Alamofire */,
				E3FCAD022D02B3B800C78FFD /* GooglePlaces */,
				E35C11962D06251D0021266F /* GooglePlacesSwift */,
				E33DDE432D0A61DD00696245 /* SimpleToast */,
			);
			productName = weatherApp;
			productReference = E3E638262CF13BF20095F48A /* weatherApp.app */;
			productType = "com.apple.product-type.application";
		};
/* End PBXNativeTarget section */

/* Begin PBXProject section */
		E3E6381E2CF13BF20095F48A /* Project object */ = {
			isa = PBXProject;
			attributes = {
				BuildIndependentTargetsInParallel = 1;
				LastSwiftUpdateCheck = 1610;
				LastUpgradeCheck = 1610;
				TargetAttributes = {
					E3E638252CF13BF20095F48A = {
						CreatedOnToolsVersion = 16.1;
					};
				};
			};
			buildConfigurationList = E3E638212CF13BF20095F48A /* Build configuration list for PBXProject "weatherApp" */;
			developmentRegion = en;
			hasScannedForEncodings = 0;
			knownRegions = (
				en,
				Base,
			);
			mainGroup = E3E6381D2CF13BF20095F48A;
			minimizedProjectReferenceProxies = 1;
			packageReferences = (
				E3E638382CF13D680095F48A /* XCRemoteSwiftPackageReference "SwiftyJSON" */,
				E3E6383B2CF13D9F0095F48A /* XCRemoteSwiftPackageReference "Toast-Swift" */,
				E3E6383E2CF13DB80095F48A /* XCRemoteSwiftPackageReference "SwiftSpinner" */,
				E3E638412CF13EB10095F48A /* XCRemoteSwiftPackageReference "highcharts-ios" */,
				E3E638442CF13F230095F48A /* XCRemoteSwiftPackageReference "Alamofire" */,
				E3FCAD002D02A56E00C78FFD /* XCRemoteSwiftPackageReference "ios-places-sdk" */,
				E33DDE422D0A61DD00696245 /* XCRemoteSwiftPackageReference "SimpleToast" */,
			);
			preferredProjectObjectVersion = 77;
			productRefGroup = E3E638272CF13BF20095F48A /* Products */;
			projectDirPath = "";
			projectRoot = "";
			targets = (
				E3E638252CF13BF20095F48A /* weatherApp */,
			);
		};
/* End PBXProject section */

/* Begin PBXResourcesBuildPhase section */
		E3E638242CF13BF20095F48A /* Resources */ = {
			isa = PBXResourcesBuildPhase;
			buildActionMask = 2147483647;
			files = (
			);
			runOnlyForDeploymentPostprocessing = 0;
		};
/* End PBXResourcesBuildPhase section */

/* Begin PBXSourcesBuildPhase section */
		E3E638222CF13BF20095F48A /* Sources */ = {
			isa = PBXSourcesBuildPhase;
			buildActionMask = 2147483647;
			files = (
			);
			runOnlyForDeploymentPostprocessing = 0;
		};
/* End PBXSourcesBuildPhase section */

/* Begin XCBuildConfiguration section */
		E3E638322CF13BF40095F48A /* Debug */ = {
			isa = XCBuildConfiguration;
			buildSettings = {
				ALWAYS_SEARCH_USER_PATHS = NO;
				ASSETCATALOG_COMPILER_GENERATE_SWIFT_ASSET_SYMBOL_EXTENSIONS = YES;
				CLANG_ANALYZER_NONNULL = YES;
				CLANG_ANALYZER_NUMBER_OBJECT_CONVERSION = YES_AGGRESSIVE;
				CLANG_CXX_LANGUAGE_STANDARD = "gnu++20";
				CLANG_ENABLE_MODULES = YES;
				CLANG_ENABLE_OBJC_ARC = YES;
				CLANG_ENABLE_OBJC_WEAK = YES;
				CLANG_WARN_BLOCK_CAPTURE_AUTORELEASING = YES;
				CLANG_WARN_BOOL_CONVERSION = YES;
				CLANG_WARN_COMMA = YES;
				CLANG_WARN_CONSTANT_CONVERSION = YES;
				CLANG_WARN_DEPRECATED_OBJC_IMPLEMENTATIONS = YES;
				CLANG_WARN_DIRECT_OBJC_ISA_USAGE = YES_ERROR;
				CLANG_WARN_DOCUMENTATION_COMMENTS = YES;
				CLANG_WARN_EMPTY_BODY = YES;
				CLANG_WARN_ENUM_CONVERSION = YES;
				CLANG_WARN_INFINITE_RECURSION = YES;
				CLANG_WARN_INT_CONVERSION = YES;
				CLANG_WARN_NON_LITERAL_NULL_CONVERSION = YES;
				CLANG_WARN_OBJC_IMPLICIT_RETAIN_SELF = YES;
				CLANG_WARN_OBJC_LITERAL_CONVERSION = YES;
				CLANG_WARN_OBJC_ROOT_CLASS = YES_ERROR;
				CLANG_WARN_QUOTED_INCLUDE_IN_FRAMEWORK_HEADER = YES;
				CLANG_WARN_RANGE_LOOP_ANALYSIS = YES;
				CLANG_WARN_STRICT_PROTOTYPES = YES;
				CLANG_WARN_SUSPICIOUS_MOVE = YES;
				CLANG_WARN_UNGUARDED_AVAILABILITY = YES_AGGRESSIVE;
				CLANG_WARN_UNREACHABLE_CODE = YES;
				CLANG_WARN__DUPLICATE_METHOD_MATCH = YES;
				COPY_PHASE_STRIP = NO;
				DEBUG_INFORMATION_FORMAT = dwarf;
				ENABLE_STRICT_OBJC_MSGSEND = YES;
				ENABLE_TESTABILITY = YES;
				ENABLE_USER_SCRIPT_SANDBOXING = YES;
				GCC_C_LANGUAGE_STANDARD = gnu17;
				GCC_DYNAMIC_NO_PIC = NO;
				GCC_NO_COMMON_BLOCKS = YES;
				GCC_OPTIMIZATION_LEVEL = 0;
				GCC_PREPROCESSOR_DEFINITIONS = (
					"DEBUG=1",
					"$(inherited)",
				);
				GCC_WARN_64_TO_32_BIT_CONVERSION = YES;
				GCC_WARN_ABOUT_RETURN_TYPE = YES_ERROR;
				GCC_WARN_UNDECLARED_SELECTOR = YES;
				GCC_WARN_UNINITIALIZED_AUTOS = YES_AGGRESSIVE;
				GCC_WARN_UNUSED_FUNCTION = YES;
				GCC_WARN_UNUSED_VARIABLE = YES;
				IPHONEOS_DEPLOYMENT_TARGET = 18.1;
				LOCALIZATION_PREFERS_STRING_CATALOGS = YES;
				MTL_ENABLE_DEBUG_INFO = INCLUDE_SOURCE;
				MTL_FAST_MATH = YES;
				ONLY_ACTIVE_ARCH = YES;
				SDKROOT = iphoneos;
				SWIFT_ACTIVE_COMPILATION_CONDITIONS = "DEBUG $(inherited)";
				SWIFT_OPTIMIZATION_LEVEL = "-Onone";
			};
			name = Debug;
		};
		E3E638332CF13BF40095F48A /* Release */ = {
			isa = XCBuildConfiguration;
			buildSettings = {
				ALWAYS_SEARCH_USER_PATHS = NO;
				ASSETCATALOG_COMPILER_GENERATE_SWIFT_ASSET_SYMBOL_EXTENSIONS = YES;
				CLANG_ANALYZER_NONNULL = YES;
				CLANG_ANALYZER_NUMBER_OBJECT_CONVERSION = YES_AGGRESSIVE;
				CLANG_CXX_LANGUAGE_STANDARD = "gnu++20";
				CLANG_ENABLE_MODULES = YES;
				CLANG_ENABLE_OBJC_ARC = YES;
				CLANG_ENABLE_OBJC_WEAK = YES;
				CLANG_WARN_BLOCK_CAPTURE_AUTORELEASING = YES;
				CLANG_WARN_BOOL_CONVERSION = YES;
				CLANG_WARN_COMMA = YES;
				CLANG_WARN_CONSTANT_CONVERSION = YES;
				CLANG_WARN_DEPRECATED_OBJC_IMPLEMENTATIONS = YES;
				CLANG_WARN_DIRECT_OBJC_ISA_USAGE = YES_ERROR;
				CLANG_WARN_DOCUMENTATION_COMMENTS = YES;
				CLANG_WARN_EMPTY_BODY = YES;
				CLANG_WARN_ENUM_CONVERSION = YES;
				CLANG_WARN_INFINITE_RECURSION = YES;
				CLANG_WARN_INT_CONVERSION = YES;
				CLANG_WARN_NON_LITERAL_NULL_CONVERSION = YES;
				CLANG_WARN_OBJC_IMPLICIT_RETAIN_SELF = YES;
				CLANG_WARN_OBJC_LITERAL_CONVERSION = YES;
				CLANG_WARN_OBJC_ROOT_CLASS = YES_ERROR;
				CLANG_WARN_QUOTED_INCLUDE_IN_FRAMEWORK_HEADER = YES;
				CLANG_WARN_RANGE_LOOP_ANALYSIS = YES;
				CLANG_WARN_STRICT_PROTOTYPES = YES;
				CLANG_WARN_SUSPICIOUS_MOVE = YES;
				CLANG_WARN_UNGUARDED_AVAILABILITY = YES_AGGRESSIVE;
				CLANG_WARN_UNREACHABLE_CODE = YES;
				CLANG_WARN__DUPLICATE_METHOD_MATCH = YES;
				COPY_PHASE_STRIP = NO;
				DEBUG_INFORMATION_FORMAT = "dwarf-with-dsym";
				ENABLE_NS_ASSERTIONS = NO;
				ENABLE_STRICT_OBJC_MSGSEND = YES;
				ENABLE_USER_SCRIPT_SANDBOXING = YES;
				GCC_C_LANGUAGE_STANDARD = gnu17;
				GCC_NO_COMMON_BLOCKS = YES;
				GCC_WARN_64_TO_32_BIT_CONVERSION = YES;
				GCC_WARN_ABOUT_RETURN_TYPE = YES_ERROR;
				GCC_WARN_UNDECLARED_SELECTOR = YES;
				GCC_WARN_UNINITIALIZED_AUTOS = YES_AGGRESSIVE;
				GCC_WARN_UNUSED_FUNCTION = YES;
				GCC_WARN_UNUSED_VARIABLE = YES;
				IPHONEOS_DEPLOYMENT_TARGET = 18.1;
				LOCALIZATION_PREFERS_STRING_CATALOGS = YES;
				MTL_ENABLE_DEBUG_INFO = NO;
				MTL_FAST_MATH = YES;
				SDKROOT = iphoneos;
				SWIFT_COMPILATION_MODE = wholemodule;
				VALIDATE_PRODUCT = YES;
			};
			name = Release;
		};
		E3E638352CF13BF40095F48A /* Debug */ = {
			isa = XCBuildConfiguration;
			buildSettings = {
				ASSETCATALOG_COMPILER_APPICON_NAME = AppIcon;
				ASSETCATALOG_COMPILER_GLOBAL_ACCENT_COLOR_NAME = AccentColor;
				ASSETCATALOG_COMPILER_INCLUDE_ALL_APPICON_ASSETS = YES;
				CODE_SIGN_STYLE = Automatic;
				CURRENT_PROJECT_VERSION = 1;
				DEVELOPMENT_ASSET_PATHS = "\"weatherApp/Preview Content\"";
				ENABLE_PREVIEWS = YES;
				GENERATE_INFOPLIST_FILE = YES;
				INFOPLIST_FILE = weatherApp/Info.plist;
				INFOPLIST_KEY_NSLocationAlwaysAndWhenInUseUsageDescription = "We need your location to display your city and coordinates.";
				INFOPLIST_KEY_NSLocationWhenInUseUsageDescription = "We need your location to display your city and coordinates.";
				INFOPLIST_KEY_UIApplicationSceneManifest_Generation = YES;
				INFOPLIST_KEY_UIApplicationSupportsIndirectInputEvents = YES;
				INFOPLIST_KEY_UILaunchStoryboardName = "Launch Screen.storyboard";
				INFOPLIST_KEY_UISupportedInterfaceOrientations_iPad = "UIInterfaceOrientationPortrait UIInterfaceOrientationPortraitUpsideDown UIInterfaceOrientationLandscapeLeft UIInterfaceOrientationLandscapeRight";
				INFOPLIST_KEY_UISupportedInterfaceOrientations_iPhone = "UIInterfaceOrientationPortrait UIInterfaceOrientationLandscapeLeft UIInterfaceOrientationLandscapeRight";
				LD_RUNPATH_SEARCH_PATHS = (
					"$(inherited)",
					"@executable_path/Frameworks",
				);
				MARKETING_VERSION = 1.0;
				PRODUCT_BUNDLE_IDENTIFIER = name.varunsalvi.weatherApp;
				PRODUCT_NAME = "$(TARGET_NAME)";
				SWIFT_EMIT_LOC_STRINGS = YES;
				SWIFT_VERSION = 5.0;
				TARGETED_DEVICE_FAMILY = "1,2";
			};
			name = Debug;
		};
		E3E638362CF13BF40095F48A /* Release */ = {
			isa = XCBuildConfiguration;
			buildSettings = {
				ASSETCATALOG_COMPILER_APPICON_NAME = AppIcon;
				ASSETCATALOG_COMPILER_GLOBAL_ACCENT_COLOR_NAME = AccentColor;
				ASSETCATALOG_COMPILER_INCLUDE_ALL_APPICON_ASSETS = YES;
				CODE_SIGN_STYLE = Automatic;
				CURRENT_PROJECT_VERSION = 1;
				DEVELOPMENT_ASSET_PATHS = "\"weatherApp/Preview Content\"";
				ENABLE_PREVIEWS = YES;
				GENERATE_INFOPLIST_FILE = YES;
				INFOPLIST_FILE = weatherApp/Info.plist;
				INFOPLIST_KEY_NSLocationAlwaysAndWhenInUseUsageDescription = "We need your location to display your city and coordinates.";
				INFOPLIST_KEY_NSLocationWhenInUseUsageDescription = "We need your location to display your city and coordinates.";
				INFOPLIST_KEY_UIApplicationSceneManifest_Generation = YES;
				INFOPLIST_KEY_UIApplicationSupportsIndirectInputEvents = YES;
				INFOPLIST_KEY_UILaunchStoryboardName = "Launch Screen.storyboard";
				INFOPLIST_KEY_UISupportedInterfaceOrientations_iPad = "UIInterfaceOrientationPortrait UIInterfaceOrientationPortraitUpsideDown UIInterfaceOrientationLandscapeLeft UIInterfaceOrientationLandscapeRight";
				INFOPLIST_KEY_UISupportedInterfaceOrientations_iPhone = "UIInterfaceOrientationPortrait UIInterfaceOrientationLandscapeLeft UIInterfaceOrientationLandscapeRight";
				LD_RUNPATH_SEARCH_PATHS = (
					"$(inherited)",
					"@executable_path/Frameworks",
				);
				MARKETING_VERSION = 1.0;
				PRODUCT_BUNDLE_IDENTIFIER = name.varunsalvi.weatherApp;
				PRODUCT_NAME = "$(TARGET_NAME)";
				SWIFT_EMIT_LOC_STRINGS = YES;
				SWIFT_VERSION = 5.0;
				TARGETED_DEVICE_FAMILY = "1,2";
			};
			name = Release;
		};
/* End XCBuildConfiguration section */

/* Begin XCConfigurationList section */
		E3E638212CF13BF20095F48A /* Build configuration list for PBXProject "weatherApp" */ = {
			isa = XCConfigurationList;
			buildConfigurations = (
				E3E638322CF13BF40095F48A /* Debug */,
				E3E638332CF13BF40095F48A /* Release */,
			);
			defaultConfigurationIsVisible = 0;
			defaultConfigurationName = Release;
		};
		E3E638342CF13BF40095F48A /* Build configuration list for PBXNativeTarget "weatherApp" */ = {
			isa = XCConfigurationList;
			buildConfigurations = (
				E3E638352CF13BF40095F48A /* Debug */,
				E3E638362CF13BF40095F48A /* Release */,
			);
			defaultConfigurationIsVisible = 0;
			defaultConfigurationName = Release;
		};
/* End XCConfigurationList section */

/* Begin XCRemoteSwiftPackageReference section */
		E33DDE422D0A61DD00696245 /* XCRemoteSwiftPackageReference "SimpleToast" */ = {
			isa = XCRemoteSwiftPackageReference;
			repositoryURL = "https://github.com/sanzaru/SimpleToast.git";
			requirement = {
				kind = upToNextMajorVersion;
				minimumVersion = 0.10.1;
			};
		};
		E3E638382CF13D680095F48A /* XCRemoteSwiftPackageReference "SwiftyJSON" */ = {
			isa = XCRemoteSwiftPackageReference;
			repositoryURL = "https://github.com/SwiftyJSON/SwiftyJSON";
			requirement = {
				kind = upToNextMajorVersion;
				minimumVersion = 5.0.2;
			};
		};
		E3E6383B2CF13D9F0095F48A /* XCRemoteSwiftPackageReference "Toast-Swift" */ = {
			isa = XCRemoteSwiftPackageReference;
			repositoryURL = "https://github.com/scalessec/Toast-Swift";
			requirement = {
				kind = upToNextMajorVersion;
				minimumVersion = 5.1.1;
			};
		};
		E3E6383E2CF13DB80095F48A /* XCRemoteSwiftPackageReference "SwiftSpinner" */ = {
			isa = XCRemoteSwiftPackageReference;
			repositoryURL = "https://github.com/icanzilb/SwiftSpinner";
			requirement = {
				kind = upToNextMajorVersion;
				minimumVersion = 2.2.0;
			};
		};
		E3E638412CF13EB10095F48A /* XCRemoteSwiftPackageReference "highcharts-ios" */ = {
			isa = XCRemoteSwiftPackageReference;
			repositoryURL = "https://github.com/highcharts/highcharts-ios.git";
			requirement = {
				kind = upToNextMajorVersion;
				minimumVersion = 11.4.1;
			};
		};
		E3E638442CF13F230095F48A /* XCRemoteSwiftPackageReference "Alamofire" */ = {
			isa = XCRemoteSwiftPackageReference;
			repositoryURL = "https://github.com/Alamofire/Alamofire.git";
			requirement = {
				kind = upToNextMajorVersion;
				minimumVersion = 5.10.1;
			};
		};
		E3FCAD002D02A56E00C78FFD /* XCRemoteSwiftPackageReference "ios-places-sdk" */ = {
			isa = XCRemoteSwiftPackageReference;
			repositoryURL = "https://github.com/googlemaps/ios-places-sdk";
			requirement = {
				kind = upToNextMajorVersion;
				minimumVersion = 9.2.0;
			};
		};
/* End XCRemoteSwiftPackageReference section */

/* Begin XCSwiftPackageProductDependency section */
		E33DDE432D0A61DD00696245 /* SimpleToast */ = {
			isa = XCSwiftPackageProductDependency;
			package = E33DDE422D0A61DD00696245 /* XCRemoteSwiftPackageReference "SimpleToast" */;
			productName = SimpleToast;
		};
		E35C11962D06251D0021266F /* GooglePlacesSwift */ = {
			isa = XCSwiftPackageProductDependency;
			package = E3FCAD002D02A56E00C78FFD /* XCRemoteSwiftPackageReference "ios-places-sdk" */;
			productName = GooglePlacesSwift;
		};
		E3E638392CF13D680095F48A /* SwiftyJSON */ = {
			isa = XCSwiftPackageProductDependency;
			package = E3E638382CF13D680095F48A /* XCRemoteSwiftPackageReference "SwiftyJSON" */;
			productName = SwiftyJSON;
		};
		E3E6383C2CF13D9F0095F48A /* Toast */ = {
			isa = XCSwiftPackageProductDependency;
			package = E3E6383B2CF13D9F0095F48A /* XCRemoteSwiftPackageReference "Toast-Swift" */;
			productName = Toast;
		};
		E3E6383F2CF13DB80095F48A /* SwiftSpinner */ = {
			isa = XCSwiftPackageProductDependency;
			package = E3E6383E2CF13DB80095F48A /* XCRemoteSwiftPackageReference "SwiftSpinner" */;
			productName = SwiftSpinner;
		};
		E3E638422CF13EB10095F48A /* Highcharts */ = {
			isa = XCSwiftPackageProductDependency;
			package = E3E638412CF13EB10095F48A /* XCRemoteSwiftPackageReference "highcharts-ios" */;
			productName = Highcharts;
		};
		E3E638452CF13F230095F48A /* Alamofire */ = {
			isa = XCSwiftPackageProductDependency;
			package = E3E638442CF13F230095F48A /* XCRemoteSwiftPackageReference "Alamofire" */;
			productName = Alamofire;
		};
		E3FCAD022D02B3B800C78FFD /* GooglePlaces */ = {
			isa = XCSwiftPackageProductDependency;
			package = E3FCAD002D02A56E00C78FFD /* XCRemoteSwiftPackageReference "ios-places-sdk" */;
			productName = GooglePlaces;
		};
/* End XCSwiftPackageProductDependency section */
	};
	rootObject = E3E6381E2CF13BF20095F48A /* Project object */;
}
